// !$*UTF8*$!
{
	archiveVersion = 1;
	classes = {
	};
	objectVersion = 55;
	objects = {

/* Begin PBXBuildFile section */
		1D368888273AA8340013E4C9 /* AppDelegate.swift in Sources */ = {isa = PBXBuildFile; fileRef = 1D368887273AA8340013E4C9 /* AppDelegate.swift */; };
		1D36888A273AA8340013E4C9 /* SceneDelegate.swift in Sources */ = {isa = PBXBuildFile; fileRef = 1D368889273AA8340013E4C9 /* SceneDelegate.swift */; };
		1D36888C273AA8340013E4C9 /* ContactsVC.swift in Sources */ = {isa = PBXBuildFile; fileRef = 1D36888B273AA8340013E4C9 /* ContactsVC.swift */; };
		1D36888F273AA8340013E4C9 /* Main.storyboard in Resources */ = {isa = PBXBuildFile; fileRef = 1D36888D273AA8340013E4C9 /* Main.storyboard */; };
		1D368891273AA8350013E4C9 /* Assets.xcassets in Resources */ = {isa = PBXBuildFile; fileRef = 1D368890273AA8350013E4C9 /* Assets.xcassets */; };
		1D368894273AA8350013E4C9 /* LaunchScreen.storyboard in Resources */ = {isa = PBXBuildFile; fileRef = 1D368892273AA8350013E4C9 /* LaunchScreen.storyboard */; };
		1D36889F273AA8350013E4C9 /* ContactEmployeesTests.swift in Sources */ = {isa = PBXBuildFile; fileRef = 1D36889E273AA8350013E4C9 /* ContactEmployeesTests.swift */; };
		1D3688A9273AA8350013E4C9 /* ContactEmployeesUITests.swift in Sources */ = {isa = PBXBuildFile; fileRef = 1D3688A8273AA8350013E4C9 /* ContactEmployeesUITests.swift */; };
		1D3688AB273AA8350013E4C9 /* ContactEmployeesUITestsLaunchTests.swift in Sources */ = {isa = PBXBuildFile; fileRef = 1D3688AA273AA8350013E4C9 /* ContactEmployeesUITestsLaunchTests.swift */; };
		1D3688BE273AADE30013E4C9 /* Employee.swift in Sources */ = {isa = PBXBuildFile; fileRef = 1D3688BD273AADE30013E4C9 /* Employee.swift */; };
		1D3688C0273AAF950013E4C9 /* ApiClient.swift in Sources */ = {isa = PBXBuildFile; fileRef = 1D3688BF273AAF950013E4C9 /* ApiClient.swift */; };
		1D3688C3273AB3650013E4C9 /* ServiceType.swift in Sources */ = {isa = PBXBuildFile; fileRef = 1D3688C2273AB3650013E4C9 /* ServiceType.swift */; };
		1D3688C7273AC1370013E4C9 /* EmployeeTVCell.swift in Sources */ = {isa = PBXBuildFile; fileRef = 1D3688C5273AC1370013E4C9 /* EmployeeTVCell.swift */; };
		1D3688C8273AC1370013E4C9 /* EmployeeTVCell.xib in Resources */ = {isa = PBXBuildFile; fileRef = 1D3688C6273AC1370013E4C9 /* EmployeeTVCell.xib */; };
		1D3688CB273AC53F0013E4C9 /* Reusable.swift in Sources */ = {isa = PBXBuildFile; fileRef = 1D3688CA273AC53E0013E4C9 /* Reusable.swift */; };
		1D3688CD273AC5870013E4C9 /* Identifiers.swift in Sources */ = {isa = PBXBuildFile; fileRef = 1D3688CC273AC5870013E4C9 /* Identifiers.swift */; };
		1D71EDA2273C517500D396AF /* ContactDetailVC.swift in Sources */ = {isa = PBXBuildFile; fileRef = 1D71EDA1273C517500D396AF /* ContactDetailVC.swift */; };
		1D71EDA5273C620F00D396AF /* ProjectCell.swift in Sources */ = {isa = PBXBuildFile; fileRef = 1D71EDA3273C620F00D396AF /* ProjectCell.swift */; };
		1D71EDA6273C620F00D396AF /* ProjectCell.xib in Resources */ = {isa = PBXBuildFile; fileRef = 1D71EDA4273C620F00D396AF /* ProjectCell.xib */; };
/* End PBXBuildFile section */

/* Begin PBXContainerItemProxy section */
		1D36889B273AA8350013E4C9 /* PBXContainerItemProxy */ = {
			isa = PBXContainerItemProxy;
			containerPortal = 1D36887C273AA8340013E4C9 /* Project object */;
			proxyType = 1;
			remoteGlobalIDString = 1D368883273AA8340013E4C9;
			remoteInfo = ContactEmployees;
		};
		1D3688A5273AA8350013E4C9 /* PBXContainerItemProxy */ = {
			isa = PBXContainerItemProxy;
			containerPortal = 1D36887C273AA8340013E4C9 /* Project object */;
			proxyType = 1;
			remoteGlobalIDString = 1D368883273AA8340013E4C9;
			remoteInfo = ContactEmployees;
		};
/* End PBXContainerItemProxy section */

/* Begin PBXFileReference section */
		1D368884273AA8340013E4C9 /* ContactEmployees.app */ = {isa = PBXFileReference; explicitFileType = wrapper.application; includeInIndex = 0; path = ContactEmployees.app; sourceTree = BUILT_PRODUCTS_DIR; };
		1D368887273AA8340013E4C9 /* AppDelegate.swift */ = {isa = PBXFileReference; lastKnownFileType = sourcecode.swift; path = AppDelegate.swift; sourceTree = "<group>"; };
		1D368889273AA8340013E4C9 /* SceneDelegate.swift */ = {isa = PBXFileReference; lastKnownFileType = sourcecode.swift; path = SceneDelegate.swift; sourceTree = "<group>"; };
		1D36888B273AA8340013E4C9 /* ContactsVC.swift */ = {isa = PBXFileReference; lastKnownFileType = sourcecode.swift; path = ContactsVC.swift; sourceTree = "<group>"; };
		1D36888E273AA8340013E4C9 /* Base */ = {isa = PBXFileReference; lastKnownFileType = file.storyboard; name = Base; path = Base.lproj/Main.storyboard; sourceTree = "<group>"; };
		1D368890273AA8350013E4C9 /* Assets.xcassets */ = {isa = PBXFileReference; lastKnownFileType = folder.assetcatalog; path = Assets.xcassets; sourceTree = "<group>"; };
		1D368893273AA8350013E4C9 /* Base */ = {isa = PBXFileReference; lastKnownFileType = file.storyboard; name = Base; path = Base.lproj/LaunchScreen.storyboard; sourceTree = "<group>"; };
		1D368895273AA8350013E4C9 /* Info.plist */ = {isa = PBXFileReference; lastKnownFileType = text.plist.xml; path = Info.plist; sourceTree = "<group>"; };
		1D36889A273AA8350013E4C9 /* ContactEmployeesTests.xctest */ = {isa = PBXFileReference; explicitFileType = wrapper.cfbundle; includeInIndex = 0; path = ContactEmployeesTests.xctest; sourceTree = BUILT_PRODUCTS_DIR; };
		1D36889E273AA8350013E4C9 /* ContactEmployeesTests.swift */ = {isa = PBXFileReference; lastKnownFileType = sourcecode.swift; path = ContactEmployeesTests.swift; sourceTree = "<group>"; };
		1D3688A4273AA8350013E4C9 /* ContactEmployeesUITests.xctest */ = {isa = PBXFileReference; explicitFileType = wrapper.cfbundle; includeInIndex = 0; path = ContactEmployeesUITests.xctest; sourceTree = BUILT_PRODUCTS_DIR; };
		1D3688A8273AA8350013E4C9 /* ContactEmployeesUITests.swift */ = {isa = PBXFileReference; lastKnownFileType = sourcecode.swift; path = ContactEmployeesUITests.swift; sourceTree = "<group>"; };
		1D3688AA273AA8350013E4C9 /* ContactEmployeesUITestsLaunchTests.swift */ = {isa = PBXFileReference; lastKnownFileType = sourcecode.swift; path = ContactEmployeesUITestsLaunchTests.swift; sourceTree = "<group>"; };
		1D3688BD273AADE30013E4C9 /* Employee.swift */ = {isa = PBXFileReference; lastKnownFileType = sourcecode.swift; path = Employee.swift; sourceTree = "<group>"; };
		1D3688BF273AAF950013E4C9 /* ApiClient.swift */ = {isa = PBXFileReference; lastKnownFileType = sourcecode.swift; path = ApiClient.swift; sourceTree = "<group>"; };
		1D3688C2273AB3650013E4C9 /* ServiceType.swift */ = {isa = PBXFileReference; lastKnownFileType = sourcecode.swift; path = ServiceType.swift; sourceTree = "<group>"; };
		1D3688C5273AC1370013E4C9 /* EmployeeTVCell.swift */ = {isa = PBXFileReference; lastKnownFileType = sourcecode.swift; path = EmployeeTVCell.swift; sourceTree = "<group>"; };
		1D3688C6273AC1370013E4C9 /* EmployeeTVCell.xib */ = {isa = PBXFileReference; lastKnownFileType = file.xib; path = EmployeeTVCell.xib; sourceTree = "<group>"; };
		1D3688CA273AC53E0013E4C9 /* Reusable.swift */ = {isa = PBXFileReference; lastKnownFileType = sourcecode.swift; path = Reusable.swift; sourceTree = "<group>"; };
		1D3688CC273AC5870013E4C9 /* Identifiers.swift */ = {isa = PBXFileReference; lastKnownFileType = sourcecode.swift; path = Identifiers.swift; sourceTree = "<group>"; };
		1D71EDA1273C517500D396AF /* ContactDetailVC.swift */ = {isa = PBXFileReference; lastKnownFileType = sourcecode.swift; path = ContactDetailVC.swift; sourceTree = "<group>"; };
		1D71EDA3273C620F00D396AF /* ProjectCell.swift */ = {isa = PBXFileReference; lastKnownFileType = sourcecode.swift; path = ProjectCell.swift; sourceTree = "<group>"; };
		1D71EDA4273C620F00D396AF /* ProjectCell.xib */ = {isa = PBXFileReference; lastKnownFileType = file.xib; path = ProjectCell.xib; sourceTree = "<group>"; };
/* End PBXFileReference section */

/* Begin PBXFrameworksBuildPhase section */
		1D368881273AA8340013E4C9 /* Frameworks */ = {
			isa = PBXFrameworksBuildPhase;
			buildActionMask = 2147483647;
			files = (
			);
			runOnlyForDeploymentPostprocessing = 0;
		};
		1D368897273AA8350013E4C9 /* Frameworks */ = {
			isa = PBXFrameworksBuildPhase;
			buildActionMask = 2147483647;
			files = (
			);
			runOnlyForDeploymentPostprocessing = 0;
		};
		1D3688A1273AA8350013E4C9 /* Frameworks */ = {
			isa = PBXFrameworksBuildPhase;
			buildActionMask = 2147483647;
			files = (
			);
			runOnlyForDeploymentPostprocessing = 0;
		};
/* End PBXFrameworksBuildPhase section */

/* Begin PBXGroup section */
		1D36887B273AA8340013E4C9 = {
			isa = PBXGroup;
			children = (
				1D368886273AA8340013E4C9 /* ContactEmployees */,
				1D36889D273AA8350013E4C9 /* ContactEmployeesTests */,
				1D3688A7273AA8350013E4C9 /* ContactEmployeesUITests */,
				1D368885273AA8340013E4C9 /* Products */,
			);
			sourceTree = "<group>";
		};
		1D368885273AA8340013E4C9 /* Products */ = {
			isa = PBXGroup;
			children = (
				1D368884273AA8340013E4C9 /* ContactEmployees.app */,
				1D36889A273AA8350013E4C9 /* ContactEmployeesTests.xctest */,
				1D3688A4273AA8350013E4C9 /* ContactEmployeesUITests.xctest */,
			);
			name = Products;
			sourceTree = "<group>";
		};
		1D368886273AA8340013E4C9 /* ContactEmployees */ = {
			isa = PBXGroup;
			children = (
				1D3688BB273AA9F60013E4C9 /* Application */,
				1D3688B8273AA89F0013E4C9 /* Resources */,
				1D3688BA273AA8C70013E4C9 /* Network */,
				1D3688B7273AA8500013E4C9 /* Models */,
				1D3688BC273AAA190013E4C9 /* View */,
				1D3688C9273AC5290013E4C9 /* Helpers */,
			);
			path = ContactEmployees;
			sourceTree = "<group>";
		};
		1D36889D273AA8350013E4C9 /* ContactEmployeesTests */ = {
			isa = PBXGroup;
			children = (
				1D36889E273AA8350013E4C9 /* ContactEmployeesTests.swift */,
			);
			path = ContactEmployeesTests;
			sourceTree = "<group>";
		};
		1D3688A7273AA8350013E4C9 /* ContactEmployeesUITests */ = {
			isa = PBXGroup;
			children = (
				1D3688A8273AA8350013E4C9 /* ContactEmployeesUITests.swift */,
				1D3688AA273AA8350013E4C9 /* ContactEmployeesUITestsLaunchTests.swift */,
			);
			path = ContactEmployeesUITests;
			sourceTree = "<group>";
		};
		1D3688B7273AA8500013E4C9 /* Models */ = {
			isa = PBXGroup;
			children = (
				1D3688BD273AADE30013E4C9 /* Employee.swift */,
			);
			path = Models;
			sourceTree = "<group>";
		};
		1D3688B8273AA89F0013E4C9 /* Resources */ = {
			isa = PBXGroup;
			children = (
				1D3688B9273AA8B80013E4C9 /* Storyboards */,
				1D368892273AA8350013E4C9 /* LaunchScreen.storyboard */,
				1D368890273AA8350013E4C9 /* Assets.xcassets */,
				1D368895273AA8350013E4C9 /* Info.plist */,
			);
			path = Resources;
			sourceTree = "<group>";
		};
		1D3688B9273AA8B80013E4C9 /* Storyboards */ = {
			isa = PBXGroup;
			children = (
				1D36888D273AA8340013E4C9 /* Main.storyboard */,
			);
			path = Storyboards;
			sourceTree = "<group>";
		};
		1D3688BA273AA8C70013E4C9 /* Network */ = {
			isa = PBXGroup;
			children = (
				1D3688BF273AAF950013E4C9 /* ApiClient.swift */,
				1D3688C2273AB3650013E4C9 /* ServiceType.swift */,
			);
			path = Network;
			sourceTree = "<group>";
		};
		1D3688BB273AA9F60013E4C9 /* Application */ = {
			isa = PBXGroup;
			children = (
				1D368887273AA8340013E4C9 /* AppDelegate.swift */,
				1D368889273AA8340013E4C9 /* SceneDelegate.swift */,
			);
			path = Application;
			sourceTree = "<group>";
		};
		1D3688BC273AAA190013E4C9 /* View */ = {
			isa = PBXGroup;
			children = (
				1D3688C4273AC1140013E4C9 /* Cell */,
				1D36888B273AA8340013E4C9 /* ContactsVC.swift */,
				1D71EDA1273C517500D396AF /* ContactDetailVC.swift */,
			);
			path = View;
			sourceTree = "<group>";
		};
		1D3688C4273AC1140013E4C9 /* Cell */ = {
			isa = PBXGroup;
			children = (
				1D3688C5273AC1370013E4C9 /* EmployeeTVCell.swift */,
				1D3688C6273AC1370013E4C9 /* EmployeeTVCell.xib */,
				1D71EDA3273C620F00D396AF /* ProjectCell.swift */,
				1D71EDA4273C620F00D396AF /* ProjectCell.xib */,
			);
			path = Cell;
			sourceTree = "<group>";
		};
		1D3688C9273AC5290013E4C9 /* Helpers */ = {
			isa = PBXGroup;
			children = (
				1D3688CA273AC53E0013E4C9 /* Reusable.swift */,
				1D3688CC273AC5870013E4C9 /* Identifiers.swift */,
			);
			path = Helpers;
			sourceTree = "<group>";
		};
/* End PBXGroup section */

/* Begin PBXNativeTarget section */
		1D368883273AA8340013E4C9 /* ContactEmployees */ = {
			isa = PBXNativeTarget;
			buildConfigurationList = 1D3688AE273AA8350013E4C9 /* Build configuration list for PBXNativeTarget "ContactEmployees" */;
			buildPhases = (
				1D368880273AA8340013E4C9 /* Sources */,
				1D368881273AA8340013E4C9 /* Frameworks */,
				1D368882273AA8340013E4C9 /* Resources */,
			);
			buildRules = (
			);
			dependencies = (
			);
			name = ContactEmployees;
			productName = ContactEmployees;
			productReference = 1D368884273AA8340013E4C9 /* ContactEmployees.app */;
			productType = "com.apple.product-type.application";
		};
		1D368899273AA8350013E4C9 /* ContactEmployeesTests */ = {
			isa = PBXNativeTarget;
			buildConfigurationList = 1D3688B1273AA8350013E4C9 /* Build configuration list for PBXNativeTarget "ContactEmployeesTests" */;
			buildPhases = (
				1D368896273AA8350013E4C9 /* Sources */,
				1D368897273AA8350013E4C9 /* Frameworks */,
				1D368898273AA8350013E4C9 /* Resources */,
			);
			buildRules = (
			);
			dependencies = (
				1D36889C273AA8350013E4C9 /* PBXTargetDependency */,
			);
			name = ContactEmployeesTests;
			productName = ContactEmployeesTests;
			productReference = 1D36889A273AA8350013E4C9 /* ContactEmployeesTests.xctest */;
			productType = "com.apple.product-type.bundle.unit-test";
		};
		1D3688A3273AA8350013E4C9 /* ContactEmployeesUITests */ = {
			isa = PBXNativeTarget;
			buildConfigurationList = 1D3688B4273AA8350013E4C9 /* Build configuration list for PBXNativeTarget "ContactEmployeesUITests" */;
			buildPhases = (
				1D3688A0273AA8350013E4C9 /* Sources */,
				1D3688A1273AA8350013E4C9 /* Frameworks */,
				1D3688A2273AA8350013E4C9 /* Resources */,
			);
			buildRules = (
			);
			dependencies = (
				1D3688A6273AA8350013E4C9 /* PBXTargetDependency */,
			);
			name = ContactEmployeesUITests;
			productName = ContactEmployeesUITests;
			productReference = 1D3688A4273AA8350013E4C9 /* ContactEmployeesUITests.xctest */;
			productType = "com.apple.product-type.bundle.ui-testing";
		};
/* End PBXNativeTarget section */

/* Begin PBXProject section */
		1D36887C273AA8340013E4C9 /* Project object */ = {
			isa = PBXProject;
			attributes = {
				BuildIndependentTargetsInParallel = 1;
				LastSwiftUpdateCheck = 1310;
				LastUpgradeCheck = 1310;
				TargetAttributes = {
					1D368883273AA8340013E4C9 = {
						CreatedOnToolsVersion = 13.1;
					};
					1D368899273AA8350013E4C9 = {
						CreatedOnToolsVersion = 13.1;
						TestTargetID = 1D368883273AA8340013E4C9;
					};
					1D3688A3273AA8350013E4C9 = {
						CreatedOnToolsVersion = 13.1;
						TestTargetID = 1D368883273AA8340013E4C9;
					};
				};
			};
			buildConfigurationList = 1D36887F273AA8340013E4C9 /* Build configuration list for PBXProject "ContactEmployees" */;
			compatibilityVersion = "Xcode 13.0";
			developmentRegion = en;
			hasScannedForEncodings = 0;
			knownRegions = (
				en,
				Base,
			);
			mainGroup = 1D36887B273AA8340013E4C9;
			productRefGroup = 1D368885273AA8340013E4C9 /* Products */;
			projectDirPath = "";
			projectRoot = "";
			targets = (
				1D368883273AA8340013E4C9 /* ContactEmployees */,
				1D368899273AA8350013E4C9 /* ContactEmployeesTests */,
				1D3688A3273AA8350013E4C9 /* ContactEmployeesUITests */,
			);
		};
/* End PBXProject section */

/* Begin PBXResourcesBuildPhase section */
		1D368882273AA8340013E4C9 /* Resources */ = {
			isa = PBXResourcesBuildPhase;
			buildActionMask = 2147483647;
			files = (
				1D368894273AA8350013E4C9 /* LaunchScreen.storyboard in Resources */,
				1D3688C8273AC1370013E4C9 /* EmployeeTVCell.xib in Resources */,
				1D368891273AA8350013E4C9 /* Assets.xcassets in Resources */,
				1D71EDA6273C620F00D396AF /* ProjectCell.xib in Resources */,
				1D36888F273AA8340013E4C9 /* Main.storyboard in Resources */,
			);
			runOnlyForDeploymentPostprocessing = 0;
		};
		1D368898273AA8350013E4C9 /* Resources */ = {
			isa = PBXResourcesBuildPhase;
			buildActionMask = 2147483647;
			files = (
			);
			runOnlyForDeploymentPostprocessing = 0;
		};
		1D3688A2273AA8350013E4C9 /* Resources */ = {
			isa = PBXResourcesBuildPhase;
			buildActionMask = 2147483647;
			files = (
			);
			runOnlyForDeploymentPostprocessing = 0;
		};
/* End PBXResourcesBuildPhase section */

/* Begin PBXSourcesBuildPhase section */
		1D368880273AA8340013E4C9 /* Sources */ = {
			isa = PBXSourcesBuildPhase;
			buildActionMask = 2147483647;
			files = (
				1D36888C273AA8340013E4C9 /* ContactsVC.swift in Sources */,
				1D71EDA5273C620F00D396AF /* ProjectCell.swift in Sources */,
				1D3688BE273AADE30013E4C9 /* Employee.swift in Sources */,
				1D71EDA2273C517500D396AF /* ContactDetailVC.swift in Sources */,
				1D3688C7273AC1370013E4C9 /* EmployeeTVCell.swift in Sources */,
				1D368888273AA8340013E4C9 /* AppDelegate.swift in Sources */,
				1D3688CD273AC5870013E4C9 /* Identifiers.swift in Sources */,
				1D3688CB273AC53F0013E4C9 /* Reusable.swift in Sources */,
				1D36888A273AA8340013E4C9 /* SceneDelegate.swift in Sources */,
				1D3688C3273AB3650013E4C9 /* ServiceType.swift in Sources */,
				1D3688C0273AAF950013E4C9 /* ApiClient.swift in Sources */,
			);
			runOnlyForDeploymentPostprocessing = 0;
		};
		1D368896273AA8350013E4C9 /* Sources */ = {
			isa = PBXSourcesBuildPhase;
			buildActionMask = 2147483647;
			files = (
				1D36889F273AA8350013E4C9 /* ContactEmployeesTests.swift in Sources */,
			);
			runOnlyForDeploymentPostprocessing = 0;
		};
		1D3688A0273AA8350013E4C9 /* Sources */ = {
			isa = PBXSourcesBuildPhase;
			buildActionMask = 2147483647;
			files = (
				1D3688A9273AA8350013E4C9 /* ContactEmployeesUITests.swift in Sources */,
				1D3688AB273AA8350013E4C9 /* ContactEmployeesUITestsLaunchTests.swift in Sources */,
			);
			runOnlyForDeploymentPostprocessing = 0;
		};
/* End PBXSourcesBuildPhase section */

/* Begin PBXTargetDependency section */
		1D36889C273AA8350013E4C9 /* PBXTargetDependency */ = {
			isa = PBXTargetDependency;
			target = 1D368883273AA8340013E4C9 /* ContactEmployees */;
			targetProxy = 1D36889B273AA8350013E4C9 /* PBXContainerItemProxy */;
		};
		1D3688A6273AA8350013E4C9 /* PBXTargetDependency */ = {
			isa = PBXTargetDependency;
			target = 1D368883273AA8340013E4C9 /* ContactEmployees */;
			targetProxy = 1D3688A5273AA8350013E4C9 /* PBXContainerItemProxy */;
		};
/* End PBXTargetDependency section */

/* Begin PBXVariantGroup section */
		1D36888D273AA8340013E4C9 /* Main.storyboard */ = {
			isa = PBXVariantGroup;
			children = (
				1D36888E273AA8340013E4C9 /* Base */,
			);
			name = Main.storyboard;
			sourceTree = "<group>";
		};
		1D368892273AA8350013E4C9 /* LaunchScreen.storyboard */ = {
			isa = PBXVariantGroup;
			children = (
				1D368893273AA8350013E4C9 /* Base */,
			);
			name = LaunchScreen.storyboard;
			sourceTree = "<group>";
		};
/* End PBXVariantGroup section */

/* Begin XCBuildConfiguration section */
		1D3688AC273AA8350013E4C9 /* Debug */ = {
			isa = XCBuildConfiguration;
			buildSettings = {
				ALWAYS_SEARCH_USER_PATHS = NO;
				CLANG_ANALYZER_NONNULL = YES;
				CLANG_ANALYZER_NUMBER_OBJECT_CONVERSION = YES_AGGRESSIVE;
				CLANG_CXX_LANGUAGE_STANDARD = "gnu++17";
				CLANG_CXX_LIBRARY = "libc++";
				CLANG_ENABLE_MODULES = YES;
				CLANG_ENABLE_OBJC_ARC = YES;
				CLANG_ENABLE_OBJC_WEAK = YES;
				CLANG_WARN_BLOCK_CAPTURE_AUTORELEASING = YES;
				CLANG_WARN_BOOL_CONVERSION = YES;
				CLANG_WARN_COMMA = YES;
				CLANG_WARN_CONSTANT_CONVERSION = YES;
				CLANG_WARN_DEPRECATED_OBJC_IMPLEMENTATIONS = YES;
				CLANG_WARN_DIRECT_OBJC_ISA_USAGE = YES_ERROR;
				CLANG_WARN_DOCUMENTATION_COMMENTS = YES;
				CLANG_WARN_EMPTY_BODY = YES;
				CLANG_WARN_ENUM_CONVERSION = YES;
				CLANG_WARN_INFINITE_RECURSION = YES;
				CLANG_WARN_INT_CONVERSION = YES;
				CLANG_WARN_NON_LITERAL_NULL_CONVERSION = YES;
				CLANG_WARN_OBJC_IMPLICIT_RETAIN_SELF = YES;
				CLANG_WARN_OBJC_LITERAL_CONVERSION = YES;
				CLANG_WARN_OBJC_ROOT_CLASS = YES_ERROR;
				CLANG_WARN_QUOTED_INCLUDE_IN_FRAMEWORK_HEADER = YES;
				CLANG_WARN_RANGE_LOOP_ANALYSIS = YES;
				CLANG_WARN_STRICT_PROTOTYPES = YES;
				CLANG_WARN_SUSPICIOUS_MOVE = YES;
				CLANG_WARN_UNGUARDED_AVAILABILITY = YES_AGGRESSIVE;
				CLANG_WARN_UNREACHABLE_CODE = YES;
				CLANG_WARN__DUPLICATE_METHOD_MATCH = YES;
				COPY_PHASE_STRIP = NO;
				DEBUG_INFORMATION_FORMAT = dwarf;
				ENABLE_STRICT_OBJC_MSGSEND = YES;
				ENABLE_TESTABILITY = YES;
				GCC_C_LANGUAGE_STANDARD = gnu11;
				GCC_DYNAMIC_NO_PIC = NO;
				GCC_NO_COMMON_BLOCKS = YES;
				GCC_OPTIMIZATION_LEVEL = 0;
				GCC_PREPROCESSOR_DEFINITIONS = (
					"DEBUG=1",
					"$(inherited)",
				);
				GCC_WARN_64_TO_32_BIT_CONVERSION = YES;
				GCC_WARN_ABOUT_RETURN_TYPE = YES_ERROR;
				GCC_WARN_UNDECLARED_SELECTOR = YES;
				GCC_WARN_UNINITIALIZED_AUTOS = YES_AGGRESSIVE;
				GCC_WARN_UNUSED_FUNCTION = YES;
				GCC_WARN_UNUSED_VARIABLE = YES;
				IPHONEOS_DEPLOYMENT_TARGET = 15.0;
				MTL_ENABLE_DEBUG_INFO = INCLUDE_SOURCE;
				MTL_FAST_MATH = YES;
				ONLY_ACTIVE_ARCH = YES;
				SDKROOT = iphoneos;
				SWIFT_ACTIVE_COMPILATION_CONDITIONS = DEBUG;
				SWIFT_OPTIMIZATION_LEVEL = "-Onone";
			};
			name = Debug;
		};
		1D3688AD273AA8350013E4C9 /* Release */ = {
			isa = XCBuildConfiguration;
			buildSettings = {
				ALWAYS_SEARCH_USER_PATHS = NO;
				CLANG_ANALYZER_NONNULL = YES;
				CLANG_ANALYZER_NUMBER_OBJECT_CONVERSION = YES_AGGRESSIVE;
				CLANG_CXX_LANGUAGE_STANDARD = "gnu++17";
				CLANG_CXX_LIBRARY = "libc++";
				CLANG_ENABLE_MODULES = YES;
				CLANG_ENABLE_OBJC_ARC = YES;
				CLANG_ENABLE_OBJC_WEAK = YES;
				CLANG_WARN_BLOCK_CAPTURE_AUTORELEASING = YES;
				CLANG_WARN_BOOL_CONVERSION = YES;
				CLANG_WARN_COMMA = YES;
				CLANG_WARN_CONSTANT_CONVERSION = YES;
				CLANG_WARN_DEPRECATED_OBJC_IMPLEMENTATIONS = YES;
				CLANG_WARN_DIRECT_OBJC_ISA_USAGE = YES_ERROR;
				CLANG_WARN_DOCUMENTATION_COMMENTS = YES;
				CLANG_WARN_EMPTY_BODY = YES;
				CLANG_WARN_ENUM_CONVERSION = YES;
				CLANG_WARN_INFINITE_RECURSION = YES;
				CLANG_WARN_INT_CONVERSION = YES;
				CLANG_WARN_NON_LITERAL_NULL_CONVERSION = YES;
				CLANG_WARN_OBJC_IMPLICIT_RETAIN_SELF = YES;
				CLANG_WARN_OBJC_LITERAL_CONVERSION = YES;
				CLANG_WARN_OBJC_ROOT_CLASS = YES_ERROR;
				CLANG_WARN_QUOTED_INCLUDE_IN_FRAMEWORK_HEADER = YES;
				CLANG_WARN_RANGE_LOOP_ANALYSIS = YES;
				CLANG_WARN_STRICT_PROTOTYPES = YES;
				CLANG_WARN_SUSPICIOUS_MOVE = YES;
				CLANG_WARN_UNGUARDED_AVAILABILITY = YES_AGGRESSIVE;
				CLANG_WARN_UNREACHABLE_CODE = YES;
				CLANG_WARN__DUPLICATE_METHOD_MATCH = YES;
				COPY_PHASE_STRIP = NO;
				DEBUG_INFORMATION_FORMAT = "dwarf-with-dsym";
				ENABLE_NS_ASSERTIONS = NO;
				ENABLE_STRICT_OBJC_MSGSEND = YES;
				GCC_C_LANGUAGE_STANDARD = gnu11;
				GCC_NO_COMMON_BLOCKS = YES;
				GCC_WARN_64_TO_32_BIT_CONVERSION = YES;
				GCC_WARN_ABOUT_RETURN_TYPE = YES_ERROR;
				GCC_WARN_UNDECLARED_SELECTOR = YES;
				GCC_WARN_UNINITIALIZED_AUTOS = YES_AGGRESSIVE;
				GCC_WARN_UNUSED_FUNCTION = YES;
				GCC_WARN_UNUSED_VARIABLE = YES;
				IPHONEOS_DEPLOYMENT_TARGET = 15.0;
				MTL_ENABLE_DEBUG_INFO = NO;
				MTL_FAST_MATH = YES;
				SDKROOT = iphoneos;
				SWIFT_COMPILATION_MODE = wholemodule;
				SWIFT_OPTIMIZATION_LEVEL = "-O";
				VALIDATE_PRODUCT = YES;
			};
			name = Release;
		};
		1D3688AF273AA8350013E4C9 /* Debug */ = {
			isa = XCBuildConfiguration;
			buildSettings = {
				ASSETCATALOG_COMPILER_APPICON_NAME = AppIcon;
				ASSETCATALOG_COMPILER_GLOBAL_ACCENT_COLOR_NAME = AccentColor;
				CODE_SIGN_STYLE = Automatic;
				CURRENT_PROJECT_VERSION = 1;
				DEVELOPMENT_TEAM = QC54JWS8ZR;
				GENERATE_INFOPLIST_FILE = YES;
				INFOPLIST_FILE = ContactEmployees/Resources/Info.plist;
				INFOPLIST_KEY_UIApplicationSupportsIndirectInputEvents = YES;
				INFOPLIST_KEY_UILaunchStoryboardName = LaunchScreen;
				INFOPLIST_KEY_UIMainStoryboardFile = Main;
				INFOPLIST_KEY_UISupportedInterfaceOrientations_iPad = "UIInterfaceOrientationPortrait UIInterfaceOrientationPortraitUpsideDown UIInterfaceOrientationLandscapeLeft UIInterfaceOrientationLandscapeRight";
				INFOPLIST_KEY_UISupportedInterfaceOrientations_iPhone = "UIInterfaceOrientationPortrait UIInterfaceOrientationLandscapeLeft UIInterfaceOrientationLandscapeRight";
				LD_RUNPATH_SEARCH_PATHS = (
					"$(inherited)",
					"@executable_path/Frameworks",
				);
				MARKETING_VERSION = 1.0;
				PRODUCT_BUNDLE_IDENTIFIER = com.oguzkr.ContactEmployees;
				PRODUCT_NAME = "$(TARGET_NAME)";
				SWIFT_EMIT_LOC_STRINGS = YES;
				SWIFT_VERSION = 5.0;
				TARGETED_DEVICE_FAMILY = 1;
			};
			name = Debug;
		};
		1D3688B0273AA8350013E4C9 /* Release */ = {
			isa = XCBuildConfiguration;
			buildSettings = {
				ASSETCATALOG_COMPILER_APPICON_NAME = AppIcon;
				ASSETCATALOG_COMPILER_GLOBAL_ACCENT_COLOR_NAME = AccentColor;
				CODE_SIGN_STYLE = Automatic;
				CURRENT_PROJECT_VERSION = 1;
				DEVELOPMENT_TEAM = QC54JWS8ZR;
				GENERATE_INFOPLIST_FILE = YES;
				INFOPLIST_FILE = ContactEmployees/Resources/Info.plist;
				INFOPLIST_KEY_UIApplicationSupportsIndirectInputEvents = YES;
				INFOPLIST_KEY_UILaunchStoryboardName = LaunchScreen;
				INFOPLIST_KEY_UIMainStoryboardFile = Main;
				INFOPLIST_KEY_UISupportedInterfaceOrientations_iPad = "UIInterfaceOrientationPortrait UIInterfaceOrientationPortraitUpsideDown UIInterfaceOrientationLandscapeLeft UIInterfaceOrientationLandscapeRight";
				INFOPLIST_KEY_UISupportedInterfaceOrientations_iPhone = "UIInterfaceOrientationPortrait UIInterfaceOrientationLandscapeLeft UIInterfaceOrientationLandscapeRight";
				LD_RUNPATH_SEARCH_PATHS = (
					"$(inherited)",
					"@executable_path/Frameworks",
				);
				MARKETING_VERSION = 1.0;
				PRODUCT_BUNDLE_IDENTIFIER = com.oguzkr.ContactEmployees;
				PRODUCT_NAME = "$(TARGET_NAME)";
				SWIFT_EMIT_LOC_STRINGS = YES;
				SWIFT_VERSION = 5.0;
				TARGETED_DEVICE_FAMILY = 1;
			};
			name = Release;
		};
		1D3688B2273AA8350013E4C9 /* Debug */ = {
			isa = XCBuildConfiguration;
			buildSettings = {
				ALWAYS_EMBED_SWIFT_STANDARD_LIBRARIES = YES;
				BUNDLE_LOADER = "$(TEST_HOST)";
				CODE_SIGN_STYLE = Automatic;
				CURRENT_PROJECT_VERSION = 1;
				DEVELOPMENT_TEAM = QC54JWS8ZR;
				GENERATE_INFOPLIST_FILE = YES;
				IPHONEOS_DEPLOYMENT_TARGET = 15.0;
				LD_RUNPATH_SEARCH_PATHS = (
					"$(inherited)",
					"@executable_path/Frameworks",
					"@loader_path/Frameworks",
				);
				MARKETING_VERSION = 1.0;
				PRODUCT_BUNDLE_IDENTIFIER = com.oguzkr.ContactEmployeesTests;
				PRODUCT_NAME = "$(TARGET_NAME)";
				SWIFT_EMIT_LOC_STRINGS = NO;
				SWIFT_VERSION = 5.0;
				TARGETED_DEVICE_FAMILY = "1,2";
				TEST_HOST = "$(BUILT_PRODUCTS_DIR)/ContactEmployees.app/ContactEmployees";
			};
			name = Debug;
		};
		1D3688B3273AA8350013E4C9 /* Release */ = {
			isa = XCBuildConfiguration;
			buildSettings = {
				ALWAYS_EMBED_SWIFT_STANDARD_LIBRARIES = YES;
				BUNDLE_LOADER = "$(TEST_HOST)";
				CODE_SIGN_STYLE = Automatic;
				CURRENT_PROJECT_VERSION = 1;
				DEVELOPMENT_TEAM = QC54JWS8ZR;
				GENERATE_INFOPLIST_FILE = YES;
				IPHONEOS_DEPLOYMENT_TARGET = 15.0;
				LD_RUNPATH_SEARCH_PATHS = (
					"$(inherited)",
					"@executable_path/Frameworks",
					"@loader_path/Frameworks",
				);
				MARKETING_VERSION = 1.0;
				PRODUCT_BUNDLE_IDENTIFIER = com.oguzkr.ContactEmployeesTests;
				PRODUCT_NAME = "$(TARGET_NAME)";
				SWIFT_EMIT_LOC_STRINGS = NO;
				SWIFT_VERSION = 5.0;
				TARGETED_DEVICE_FAMILY = "1,2";
				TEST_HOST = "$(BUILT_PRODUCTS_DIR)/ContactEmployees.app/ContactEmployees";
			};
			name = Release;
		};
		1D3688B5273AA8350013E4C9 /* Debug */ = {
			isa = XCBuildConfiguration;
			buildSettings = {
				ALWAYS_EMBED_SWIFT_STANDARD_LIBRARIES = YES;
				CODE_SIGN_STYLE = Automatic;
				CURRENT_PROJECT_VERSION = 1;
				DEVELOPMENT_TEAM = QC54JWS8ZR;
				GENERATE_INFOPLIST_FILE = YES;
				LD_RUNPATH_SEARCH_PATHS = (
					"$(inherited)",
					"@executable_path/Frameworks",
					"@loader_path/Frameworks",
				);
				MARKETING_VERSION = 1.0;
				PRODUCT_BUNDLE_IDENTIFIER = com.oguzkr.ContactEmployeesUITests;
				PRODUCT_NAME = "$(TARGET_NAME)";
				SWIFT_EMIT_LOC_STRINGS = NO;
				SWIFT_VERSION = 5.0;
				TARGETED_DEVICE_FAMILY = "1,2";
				TEST_TARGET_NAME = ContactEmployees;
			};
			name = Debug;
		};
		1D3688B6273AA8350013E4C9 /* Release */ = {
			isa = XCBuildConfiguration;
			buildSettings = {
				ALWAYS_EMBED_SWIFT_STANDARD_LIBRARIES = YES;
				CODE_SIGN_STYLE = Automatic;
				CURRENT_PROJECT_VERSION = 1;
				DEVELOPMENT_TEAM = QC54JWS8ZR;
				GENERATE_INFOPLIST_FILE = YES;
				LD_RUNPATH_SEARCH_PATHS = (
					"$(inherited)",
					"@executable_path/Frameworks",
					"@loader_path/Frameworks",
				);
				MARKETING_VERSION = 1.0;
				PRODUCT_BUNDLE_IDENTIFIER = com.oguzkr.ContactEmployeesUITests;
				PRODUCT_NAME = "$(TARGET_NAME)";
				SWIFT_EMIT_LOC_STRINGS = NO;
				SWIFT_VERSION = 5.0;
				TARGETED_DEVICE_FAMILY = "1,2";
				TEST_TARGET_NAME = ContactEmployees;
			};
			name = Release;
		};
/* End XCBuildConfiguration section */

/* Begin XCConfigurationList section */
		1D36887F273AA8340013E4C9 /* Build configuration list for PBXProject "ContactEmployees" */ = {
			isa = XCConfigurationList;
			buildConfigurations = (
				1D3688AC273AA8350013E4C9 /* Debug */,
				1D3688AD273AA8350013E4C9 /* Release */,
			);
			defaultConfigurationIsVisible = 0;
			defaultConfigurationName = Release;
		};
		1D3688AE273AA8350013E4C9 /* Build configuration list for PBXNativeTarget "ContactEmployees" */ = {
			isa = XCConfigurationList;
			buildConfigurations = (
				1D3688AF273AA8350013E4C9 /* Debug */,
				1D3688B0273AA8350013E4C9 /* Release */,
			);
			defaultConfigurationIsVisible = 0;
			defaultConfigurationName = Release;
		};
		1D3688B1273AA8350013E4C9 /* Build configuration list for PBXNativeTarget "ContactEmployeesTests" */ = {
			isa = XCConfigurationList;
			buildConfigurations = (
				1D3688B2273AA8350013E4C9 /* Debug */,
				1D3688B3273AA8350013E4C9 /* Release */,
			);
			defaultConfigurationIsVisible = 0;
			defaultConfigurationName = Release;
		};
		1D3688B4273AA8350013E4C9 /* Build configuration list for PBXNativeTarget "ContactEmployeesUITests" */ = {
			isa = XCConfigurationList;
			buildConfigurations = (
				1D3688B5273AA8350013E4C9 /* Debug */,
				1D3688B6273AA8350013E4C9 /* Release */,
			);
			defaultConfigurationIsVisible = 0;
			defaultConfigurationName = Release;
		};
/* End XCConfigurationList section */
	};
	rootObject = 1D36887C273AA8340013E4C9 /* Project object */;
}
